
Microsoft Visual Studio Solution File, Format Version 12.00
# Visual Studio Version 16
VisualStudioVersion = 16.0.32407.337
MinimumVisualStudioVersion = 10.0.40219.1
Project("{D2ABAB84-BF74-430A-B69E-9DC6D40DDA17}") = "PWIntroSSAS", "PWIntroSSAS\PWIntroSSAS.dwproj", "{0F91736F-9267-4807-8060-5470E3955A73}"
EndProject
Global
	GlobalSection(SolutionConfigurationPlatforms) = preSolution
		Development|Default = Development|Default
	EndGlobalSection
	GlobalSection(ProjectConfigurationPlatforms) = postSolution
		{0F91736F-9267-4807-8060-5470E3955A73}.Development|Default.ActiveCfg = Development
		{0F91736F-9267-4807-8060-5470E3955A73}.Development|Default.Build.0 = Development
		{0F91736F-9267-4807-8060-5470E3955A73}.Development|Default.Deploy.0 = Development
	EndGlobalSection
	GlobalSection(SolutionProperties) = preSolution
		HideSolutionNode = FALSE
	EndGlobalSection
	GlobalSection(ExtensibilityGlobals) = postSolution
		SolutionGuid = {0C514FBC-8369-4CB0-A918-ECBF8D3F9041}
	EndGlobalSection
EndGlobal
